
Microsoft Visual Studio Solution File, Format Version 12.00
# Visual Studio Version 17
VisualStudioVersion = 17.4.33213.308
MinimumVisualStudioVersion = 10.0.40219.1
Project("{FAE04EC0-301F-11D3-BF4B-00C04F79EFBC}") = "PL", "ConsoleApp1\PL.csproj", "{6CD90CEE-B20F-4B4D-AA72-3CC7EB8B9D2D}"
	ProjectSection(ProjectDependencies) = postProject
		{9022C929-A233-400C-B7B3-9A11B02CE073} = {9022C929-A233-400C-B7B3-9A11B02CE073}
	EndProjectSection
EndProject
Project("{FAE04EC0-301F-11D3-BF4B-00C04F79EFBC}") = "ML", "ML\ML.csproj", "{D6FDF714-5D58-4EAE-ACAD-981984D62433}"
EndProject
Project("{FAE04EC0-301F-11D3-BF4B-00C04F79EFBC}") = "DL", "DL\DL.csproj", "{404BD18A-2B68-47D0-96DF-756E5FB4CA68}"
EndProject
Project("{FAE04EC0-301F-11D3-BF4B-00C04F79EFBC}") = "BL", "BL\BL.csproj", "{EFDC5463-8253-4EBE-AE78-0FB705C09CB1}"
EndProject
Project("{FAE04EC0-301F-11D3-BF4B-00C04F79EFBC}") = "PLMVC", "PLMVC\PLMVC.csproj", "{84E0DC92-33B8-4BD2-8E9B-7477C89F7D61}"
	ProjectSection(ProjectDependencies) = postProject
		{9022C929-A233-400C-B7B3-9A11B02CE073} = {9022C929-A233-400C-B7B3-9A11B02CE073}
	EndProjectSection
EndProject
Project("{FAE04EC0-301F-11D3-BF4B-00C04F79EFBC}") = "AGutierrezProgramacionNCapasCore", "AGutierrezProgramacionNCapasCore\AGutierrezProgramacionNCapasCore.csproj", "{8974E311-2FDD-4CED-9DD4-A49462B27B24}"
EndProject
Project("{FAE04EC0-301F-11D3-BF4B-00C04F79EFBC}") = "SL", "SL\SL.csproj", "{9022C929-A233-400C-B7B3-9A11B02CE073}"
EndProject
Global
	GlobalSection(SolutionConfigurationPlatforms) = preSolution
		Debug|Any CPU = Debug|Any CPU
		Release|Any CPU = Release|Any CPU
	EndGlobalSection
	GlobalSection(ProjectConfigurationPlatforms) = postSolution
		{6CD90CEE-B20F-4B4D-AA72-3CC7EB8B9D2D}.Debug|Any CPU.ActiveCfg = Debug|Any CPU
		{6CD90CEE-B20F-4B4D-AA72-3CC7EB8B9D2D}.Debug|Any CPU.Build.0 = Debug|Any CPU
		{6CD90CEE-B20F-4B4D-AA72-3CC7EB8B9D2D}.Release|Any CPU.ActiveCfg = Release|Any CPU
		{6CD90CEE-B20F-4B4D-AA72-3CC7EB8B9D2D}.Release|Any CPU.Build.0 = Release|Any CPU
		{D6FDF714-5D58-4EAE-ACAD-981984D62433}.Debug|Any CPU.ActiveCfg = Debug|Any CPU
		{D6FDF714-5D58-4EAE-ACAD-981984D62433}.Debug|Any CPU.Build.0 = Debug|Any CPU
		{D6FDF714-5D58-4EAE-ACAD-981984D62433}.Release|Any CPU.ActiveCfg = Release|Any CPU
		{D6FDF714-5D58-4EAE-ACAD-981984D62433}.Release|Any CPU.Build.0 = Release|Any CPU
		{404BD18A-2B68-47D0-96DF-756E5FB4CA68}.Debug|Any CPU.ActiveCfg = Debug|Any CPU
		{404BD18A-2B68-47D0-96DF-756E5FB4CA68}.Debug|Any CPU.Build.0 = Debug|Any CPU
		{404BD18A-2B68-47D0-96DF-756E5FB4CA68}.Release|Any CPU.ActiveCfg = Release|Any CPU
		{404BD18A-2B68-47D0-96DF-756E5FB4CA68}.Release|Any CPU.Build.0 = Release|Any CPU
		{EFDC5463-8253-4EBE-AE78-0FB705C09CB1}.Debug|Any CPU.ActiveCfg = Debug|Any CPU
		{EFDC5463-8253-4EBE-AE78-0FB705C09CB1}.Debug|Any CPU.Build.0 = Debug|Any CPU
		{EFDC5463-8253-4EBE-AE78-0FB705C09CB1}.Release|Any CPU.ActiveCfg = Release|Any CPU
		{EFDC5463-8253-4EBE-AE78-0FB705C09CB1}.Release|Any CPU.Build.0 = Release|Any CPU
		{84E0DC92-33B8-4BD2-8E9B-7477C89F7D61}.Debug|Any CPU.ActiveCfg = Debug|Any CPU
		{84E0DC92-33B8-4BD2-8E9B-7477C89F7D61}.Debug|Any CPU.Build.0 = Debug|Any CPU
		{84E0DC92-33B8-4BD2-8E9B-7477C89F7D61}.Release|Any CPU.ActiveCfg = Release|Any CPU
		{84E0DC92-33B8-4BD2-8E9B-7477C89F7D61}.Release|Any CPU.Build.0 = Release|Any CPU
		{8974E311-2FDD-4CED-9DD4-A49462B27B24}.Debug|Any CPU.ActiveCfg = Debug|Any CPU
		{8974E311-2FDD-4CED-9DD4-A49462B27B24}.Debug|Any CPU.Build.0 = Debug|Any CPU
		{8974E311-2FDD-4CED-9DD4-A49462B27B24}.Release|Any CPU.ActiveCfg = Release|Any CPU
		{8974E311-2FDD-4CED-9DD4-A49462B27B24}.Release|Any CPU.Build.0 = Release|Any CPU
		{9022C929-A233-400C-B7B3-9A11B02CE073}.Debug|Any CPU.ActiveCfg = Debug|Any CPU
		{9022C929-A233-400C-B7B3-9A11B02CE073}.Debug|Any CPU.Build.0 = Debug|Any CPU
		{9022C929-A233-400C-B7B3-9A11B02CE073}.Release|Any CPU.ActiveCfg = Release|Any CPU
		{9022C929-A233-400C-B7B3-9A11B02CE073}.Release|Any CPU.Build.0 = Release|Any CPU
	EndGlobalSection
	GlobalSection(SolutionProperties) = preSolution
		HideSolutionNode = FALSE
	EndGlobalSection
	GlobalSection(ExtensibilityGlobals) = postSolution
		SolutionGuid = {47427F1F-417C-4457-8ED5-ED47CAE207E3}
	EndGlobalSection
EndGlobal
